
Microsoft Visual Studio Solution File, Format Version 12.00
# Visual Studio Version 17
VisualStudioVersion = 17.8.34330.188
MinimumVisualStudioVersion = 10.0.40219.1
Project("{FAE04EC0-301F-11D3-BF4B-00C04F79EFBC}") = "Menu_2", "Menu_2\Menu_2.csproj", "{23BF2231-5441-4D81-83AC-06A8982D838B}"
EndProject
Global
	GlobalSection(SolutionConfigurationPlatforms) = preSolution
		Debug|Any CPU = Debug|Any CPU
		Release|Any CPU = Release|Any CPU
	EndGlobalSection
	GlobalSection(ProjectConfigurationPlatforms) = postSolution
		{23BF2231-5441-4D81-83AC-06A8982D838B}.Debug|Any CPU.ActiveCfg = Debug|Any CPU
		{23BF2231-5441-4D81-83AC-06A8982D838B}.Debug|Any CPU.Build.0 = Debug|Any CPU
		{23BF2231-5441-4D81-83AC-06A8982D838B}.Release|Any CPU.ActiveCfg = Release|Any CPU
		{23BF2231-5441-4D81-83AC-06A8982D838B}.Release|Any CPU.Build.0 = Release|Any CPU
	EndGlobalSection
	GlobalSection(SolutionProperties) = preSolution
		HideSolutionNode = FALSE
	EndGlobalSection
	GlobalSection(ExtensibilityGlobals) = postSolution
		SolutionGuid = {11B913A6-8DCC-40CB-984B-CCB1657020DE}
	EndGlobalSection
EndGlobal
